
Microsoft Visual Studio Solution File, Format Version 12.00
# Visual Studio Version 16
VisualStudioVersion = 16.0.31005.135
MinimumVisualStudioVersion = 10.0.40219.1
Project("{FAE04EC0-301F-11D3-BF4B-00C04F79EFBC}") = "BIMplugin", "src\BIMplugin\BIMplugin.csproj", "{EB0174F7-43AA-466C-BD19-D5A412F7F8DF}"
EndProject
Project("{2150E333-8FDC-42A3-9474-1A3956D46DE8}") = "Solution Items", "Solution Items", "{8EE1E9A0-CB9B-446A-B09E-D946F5F069F7}"
	ProjectSection(SolutionItems) = preProject
		addin\BIMplugin.addin = addin\BIMplugin.addin
	EndProjectSection
EndProject
Global
	GlobalSection(SolutionConfigurationPlatforms) = preSolution
		Debug|Any CPU = Debug|Any CPU
		Debug|x64 = Debug|x64
		Release|Any CPU = Release|Any CPU
		Release|x64 = Release|x64
	EndGlobalSection
	GlobalSection(ProjectConfigurationPlatforms) = postSolution
		{EB0174F7-43AA-466C-BD19-D5A412F7F8DF}.Debug|Any CPU.ActiveCfg = Debug|Any CPU
		{EB0174F7-43AA-466C-BD19-D5A412F7F8DF}.Debug|Any CPU.Build.0 = Debug|Any CPU
		{EB0174F7-43AA-466C-BD19-D5A412F7F8DF}.Debug|x64.ActiveCfg = Debug|x64
		{EB0174F7-43AA-466C-BD19-D5A412F7F8DF}.Debug|x64.Build.0 = Debug|x64
		{EB0174F7-43AA-466C-BD19-D5A412F7F8DF}.Release|Any CPU.ActiveCfg = Release|Any CPU
		{EB0174F7-43AA-466C-BD19-D5A412F7F8DF}.Release|Any CPU.Build.0 = Release|Any CPU
		{EB0174F7-43AA-466C-BD19-D5A412F7F8DF}.Release|x64.ActiveCfg = Release|x64
		{EB0174F7-43AA-466C-BD19-D5A412F7F8DF}.Release|x64.Build.0 = Release|x64
	EndGlobalSection
	GlobalSection(SolutionProperties) = preSolution
		HideSolutionNode = FALSE
	EndGlobalSection
	GlobalSection(ExtensibilityGlobals) = postSolution
		SolutionGuid = {3DD7DE7A-48B1-422D-AF56-6B0340F3F904}
	EndGlobalSection
EndGlobal
